
Microsoft Visual Studio Solution File, Format Version 12.00
# Visual Studio 15
VisualStudioVersion = 15.0.27703.2000
MinimumVisualStudioVersion = 10.0.40219.1
Project("{FAE04EC0-301F-11D3-BF4B-00C04F79EFBC}") = "JobExchange", "JobExchange\JobExchange.csproj", "{35072111-F3F4-45B4-892D-C39133CB0719}"
EndProject
Project("{FAE04EC0-301F-11D3-BF4B-00C04F79EFBC}") = "JobExchange.DAL", "JobExchange.DAL\JobExchange.DAL.csproj", "{9C5A76DD-C9AA-4A21-883B-213ED39D8808}"
EndProject
Global
	GlobalSection(SolutionConfigurationPlatforms) = preSolution
		Debug|Any CPU = Debug|Any CPU
		Release|Any CPU = Release|Any CPU
	EndGlobalSection
	GlobalSection(ProjectConfigurationPlatforms) = postSolution
		{35072111-F3F4-45B4-892D-C39133CB0719}.Debug|Any CPU.ActiveCfg = Debug|Any CPU
		{35072111-F3F4-45B4-892D-C39133CB0719}.Debug|Any CPU.Build.0 = Debug|Any CPU
		{35072111-F3F4-45B4-892D-C39133CB0719}.Release|Any CPU.ActiveCfg = Release|Any CPU
		{35072111-F3F4-45B4-892D-C39133CB0719}.Release|Any CPU.Build.0 = Release|Any CPU
		{9C5A76DD-C9AA-4A21-883B-213ED39D8808}.Debug|Any CPU.ActiveCfg = Debug|Any CPU
		{9C5A76DD-C9AA-4A21-883B-213ED39D8808}.Debug|Any CPU.Build.0 = Debug|Any CPU
		{9C5A76DD-C9AA-4A21-883B-213ED39D8808}.Release|Any CPU.ActiveCfg = Release|Any CPU
		{9C5A76DD-C9AA-4A21-883B-213ED39D8808}.Release|Any CPU.Build.0 = Release|Any CPU
	EndGlobalSection
	GlobalSection(SolutionProperties) = preSolution
		HideSolutionNode = FALSE
	EndGlobalSection
	GlobalSection(ExtensibilityGlobals) = postSolution
		SolutionGuid = {C7EA1CC2-A6E9-4D7C-B879-A5D0AE8393CB}
	EndGlobalSection
EndGlobal
